
Microsoft Visual Studio Solution File, Format Version 12.00
# Visual Studio Version 17
VisualStudioVersion = 17.0.31903.59
MinimumVisualStudioVersion = 10.0.40219.1
Project("{FAE04EC0-301F-11D3-BF4B-00C04F79EFBC}") = "GameInterfaces", "GameInterfaces\GameInterfaces.csproj", "{4F090240-508B-497F-B287-8E64E7F1D26A}"
EndProject
Project("{FAE04EC0-301F-11D3-BF4B-00C04F79EFBC}") = "CityManager1", "CityManager1\CityManager1.csproj", "{04F128BF-6DCE-4177-8FD2-412D8FB0FD78}"
EndProject
Project("{FAE04EC0-301F-11D3-BF4B-00C04F79EFBC}") = "CityManager2", "CityManager2\CityManager2.csproj", "{0F8A62A4-6F85-4343-9945-9F12E4A01C44}"
EndProject
Project("{FAE04EC0-301F-11D3-BF4B-00C04F79EFBC}") = "CityManager3", "CityManager3\CityManager3.csproj", "{E13F5EF7-C556-44FA-A8E8-6F2D3757EC59}"
EndProject
Project("{FAE04EC0-301F-11D3-BF4B-00C04F79EFBC}") = "CityManager4", "CityManager4\CityManager4.csproj", "{CFAD6AA6-8ABE-4027-AD65-83C38CD6C325}"
EndProject
Project("{FAE04EC0-301F-11D3-BF4B-00C04F79EFBC}") = "BuildingCollections", "BuildingCollections\BuildingCollections.csproj", "{A2053182-8490-46B4-9C83-3A725FCD9899}"
EndProject
Project("{FAE04EC0-301F-11D3-BF4B-00C04F79EFBC}") = "HashBuildings", "HashBuildings\HashBuildings.csproj", "{F6CD7BE0-5CE1-4C48-AFC9-5998E2CCAEE0}"
EndProject
Project("{FAE04EC0-301F-11D3-BF4B-00C04F79EFBC}") = "MyGenericMethod", "MyGenericMethod\MyGenericMethod.csproj", "{B73DAF04-3BAB-480A-8B1D-EAFD08FBFB45}"
EndProject
Global
	GlobalSection(SolutionConfigurationPlatforms) = preSolution
		Debug|Any CPU = Debug|Any CPU
		Release|Any CPU = Release|Any CPU
	EndGlobalSection
	GlobalSection(SolutionProperties) = preSolution
		HideSolutionNode = FALSE
	EndGlobalSection
	GlobalSection(ProjectConfigurationPlatforms) = postSolution
		{4F090240-508B-497F-B287-8E64E7F1D26A}.Debug|Any CPU.ActiveCfg = Debug|Any CPU
		{4F090240-508B-497F-B287-8E64E7F1D26A}.Debug|Any CPU.Build.0 = Debug|Any CPU
		{4F090240-508B-497F-B287-8E64E7F1D26A}.Release|Any CPU.ActiveCfg = Release|Any CPU
		{4F090240-508B-497F-B287-8E64E7F1D26A}.Release|Any CPU.Build.0 = Release|Any CPU
		{04F128BF-6DCE-4177-8FD2-412D8FB0FD78}.Debug|Any CPU.ActiveCfg = Debug|Any CPU
		{04F128BF-6DCE-4177-8FD2-412D8FB0FD78}.Debug|Any CPU.Build.0 = Debug|Any CPU
		{04F128BF-6DCE-4177-8FD2-412D8FB0FD78}.Release|Any CPU.ActiveCfg = Release|Any CPU
		{04F128BF-6DCE-4177-8FD2-412D8FB0FD78}.Release|Any CPU.Build.0 = Release|Any CPU
		{0F8A62A4-6F85-4343-9945-9F12E4A01C44}.Debug|Any CPU.ActiveCfg = Debug|Any CPU
		{0F8A62A4-6F85-4343-9945-9F12E4A01C44}.Debug|Any CPU.Build.0 = Debug|Any CPU
		{0F8A62A4-6F85-4343-9945-9F12E4A01C44}.Release|Any CPU.ActiveCfg = Release|Any CPU
		{0F8A62A4-6F85-4343-9945-9F12E4A01C44}.Release|Any CPU.Build.0 = Release|Any CPU
		{E13F5EF7-C556-44FA-A8E8-6F2D3757EC59}.Debug|Any CPU.ActiveCfg = Debug|Any CPU
		{E13F5EF7-C556-44FA-A8E8-6F2D3757EC59}.Debug|Any CPU.Build.0 = Debug|Any CPU
		{E13F5EF7-C556-44FA-A8E8-6F2D3757EC59}.Release|Any CPU.ActiveCfg = Release|Any CPU
		{E13F5EF7-C556-44FA-A8E8-6F2D3757EC59}.Release|Any CPU.Build.0 = Release|Any CPU
		{CFAD6AA6-8ABE-4027-AD65-83C38CD6C325}.Debug|Any CPU.ActiveCfg = Debug|Any CPU
		{CFAD6AA6-8ABE-4027-AD65-83C38CD6C325}.Debug|Any CPU.Build.0 = Debug|Any CPU
		{CFAD6AA6-8ABE-4027-AD65-83C38CD6C325}.Release|Any CPU.ActiveCfg = Release|Any CPU
		{CFAD6AA6-8ABE-4027-AD65-83C38CD6C325}.Release|Any CPU.Build.0 = Release|Any CPU
		{A2053182-8490-46B4-9C83-3A725FCD9899}.Debug|Any CPU.ActiveCfg = Debug|Any CPU
		{A2053182-8490-46B4-9C83-3A725FCD9899}.Debug|Any CPU.Build.0 = Debug|Any CPU
		{A2053182-8490-46B4-9C83-3A725FCD9899}.Release|Any CPU.ActiveCfg = Release|Any CPU
		{A2053182-8490-46B4-9C83-3A725FCD9899}.Release|Any CPU.Build.0 = Release|Any CPU
		{F6CD7BE0-5CE1-4C48-AFC9-5998E2CCAEE0}.Debug|Any CPU.ActiveCfg = Debug|Any CPU
		{F6CD7BE0-5CE1-4C48-AFC9-5998E2CCAEE0}.Debug|Any CPU.Build.0 = Debug|Any CPU
		{F6CD7BE0-5CE1-4C48-AFC9-5998E2CCAEE0}.Release|Any CPU.ActiveCfg = Release|Any CPU
		{F6CD7BE0-5CE1-4C48-AFC9-5998E2CCAEE0}.Release|Any CPU.Build.0 = Release|Any CPU
		{B73DAF04-3BAB-480A-8B1D-EAFD08FBFB45}.Debug|Any CPU.ActiveCfg = Debug|Any CPU
		{B73DAF04-3BAB-480A-8B1D-EAFD08FBFB45}.Debug|Any CPU.Build.0 = Debug|Any CPU
		{B73DAF04-3BAB-480A-8B1D-EAFD08FBFB45}.Release|Any CPU.ActiveCfg = Release|Any CPU
		{B73DAF04-3BAB-480A-8B1D-EAFD08FBFB45}.Release|Any CPU.Build.0 = Release|Any CPU
	EndGlobalSection
EndGlobal
