
Microsoft Visual Studio Solution File, Format Version 12.00
# Visual Studio Version 17
VisualStudioVersion = 17.0.31903.59
MinimumVisualStudioVersion = 10.0.40219.1
Project("{FAE04EC0-301F-11D3-BF4B-00C04F79EFBC}") = "GameInterfaces", "GameInterfaces\GameInterfaces.csproj", "{4F090240-508B-497F-B287-8E64E7F1D26A}"
EndProject
Project("{FAE04EC0-301F-11D3-BF4B-00C04F79EFBC}") = "CityManager1", "CityManager1\CityManager1.csproj", "{04F128BF-6DCE-4177-8FD2-412D8FB0FD78}"
EndProject
Global
	GlobalSection(SolutionConfigurationPlatforms) = preSolution
		Debug|Any CPU = Debug|Any CPU
		Release|Any CPU = Release|Any CPU
	EndGlobalSection
	GlobalSection(SolutionProperties) = preSolution
		HideSolutionNode = FALSE
	EndGlobalSection
	GlobalSection(ProjectConfigurationPlatforms) = postSolution
		{4F090240-508B-497F-B287-8E64E7F1D26A}.Debug|Any CPU.ActiveCfg = Debug|Any CPU
		{4F090240-508B-497F-B287-8E64E7F1D26A}.Debug|Any CPU.Build.0 = Debug|Any CPU
		{4F090240-508B-497F-B287-8E64E7F1D26A}.Release|Any CPU.ActiveCfg = Release|Any CPU
		{4F090240-508B-497F-B287-8E64E7F1D26A}.Release|Any CPU.Build.0 = Release|Any CPU
		{04F128BF-6DCE-4177-8FD2-412D8FB0FD78}.Debug|Any CPU.ActiveCfg = Debug|Any CPU
		{04F128BF-6DCE-4177-8FD2-412D8FB0FD78}.Debug|Any CPU.Build.0 = Debug|Any CPU
		{04F128BF-6DCE-4177-8FD2-412D8FB0FD78}.Release|Any CPU.ActiveCfg = Release|Any CPU
		{04F128BF-6DCE-4177-8FD2-412D8FB0FD78}.Release|Any CPU.Build.0 = Release|Any CPU
	EndGlobalSection
EndGlobal
